
Microsoft Visual Studio Solution File, Format Version 12.00
# Visual Studio Version 16
VisualStudioVersion = 16.0.31911.196
MinimumVisualStudioVersion = 10.0.40219.1
Project("{FAE04EC0-301F-11D3-BF4B-00C04F79EFBC}") = "Triangle", "Lab7\Triangle.csproj", "{8C67DE21-3C80-421B-A0C5-36D822DEB932}"
EndProject
Project("{FAE04EC0-301F-11D3-BF4B-00C04F79EFBC}") = "Сube", "ConsoleApp1\Сube.csproj", "{2E4C350C-0AE1-4299-885C-7FC60BBD483A}"
EndProject
Global
	GlobalSection(SolutionConfigurationPlatforms) = preSolution
		Debug|Any CPU = Debug|Any CPU
		Release|Any CPU = Release|Any CPU
	EndGlobalSection
	GlobalSection(ProjectConfigurationPlatforms) = postSolution
		{8C67DE21-3C80-421B-A0C5-36D822DEB932}.Debug|Any CPU.ActiveCfg = Debug|Any CPU
		{8C67DE21-3C80-421B-A0C5-36D822DEB932}.Debug|Any CPU.Build.0 = Debug|Any CPU
		{8C67DE21-3C80-421B-A0C5-36D822DEB932}.Release|Any CPU.ActiveCfg = Release|Any CPU
		{8C67DE21-3C80-421B-A0C5-36D822DEB932}.Release|Any CPU.Build.0 = Release|Any CPU
		{2E4C350C-0AE1-4299-885C-7FC60BBD483A}.Debug|Any CPU.ActiveCfg = Debug|Any CPU
		{2E4C350C-0AE1-4299-885C-7FC60BBD483A}.Debug|Any CPU.Build.0 = Debug|Any CPU
		{2E4C350C-0AE1-4299-885C-7FC60BBD483A}.Release|Any CPU.ActiveCfg = Release|Any CPU
		{2E4C350C-0AE1-4299-885C-7FC60BBD483A}.Release|Any CPU.Build.0 = Release|Any CPU
	EndGlobalSection
	GlobalSection(SolutionProperties) = preSolution
		HideSolutionNode = FALSE
	EndGlobalSection
	GlobalSection(ExtensibilityGlobals) = postSolution
		SolutionGuid = {082265A7-D25E-41FB-ACED-BFAADCD04F77}
	EndGlobalSection
EndGlobal
